// !$*UTF8*$!
{
	archiveVersion = 1;
	classes = {
	};
	objectVersion = 46;
	objects = {

/* Begin PBXBuildFile section */
		D312AB051D5690BF00963B41 /* AppDelegate.swift in Sources */ = {isa = PBXBuildFile; fileRef = D312AB041D5690BF00963B41 /* AppDelegate.swift */; };
		D312AB071D5690BF00963B41 /* ViewController.swift in Sources */ = {isa = PBXBuildFile; fileRef = D312AB061D5690BF00963B41 /* ViewController.swift */; };
		D312AB0A1D5690BF00963B41 /* Main.storyboard in Resources */ = {isa = PBXBuildFile; fileRef = D312AB081D5690BF00963B41 /* Main.storyboard */; };
		D312AB0C1D5690C000963B41 /* Assets.xcassets in Resources */ = {isa = PBXBuildFile; fileRef = D312AB0B1D5690C000963B41 /* Assets.xcassets */; };
		D312AB0F1D5690C000963B41 /* LaunchScreen.storyboard in Resources */ = {isa = PBXBuildFile; fileRef = D312AB0D1D5690C000963B41 /* LaunchScreen.storyboard */; };
		D312AB1A1D5690C000963B41 /* AddMultiplesTests.swift in Sources */ = {isa = PBXBuildFile; fileRef = D312AB191D5690C000963B41 /* AddMultiplesTests.swift */; };
		D312AB251D5690C000963B41 /* AddMultiplesUITests.swift in Sources */ = {isa = PBXBuildFile; fileRef = D312AB241D5690C000963B41 /* AddMultiplesUITests.swift */; };
/* End PBXBuildFile section */

/* Begin PBXContainerItemProxy section */
		D312AB161D5690C000963B41 /* PBXContainerItemProxy */ = {
			isa = PBXContainerItemProxy;
			containerPortal = D312AAF91D5690BF00963B41 /* Project object */;
			proxyType = 1;
			remoteGlobalIDString = D312AB001D5690BF00963B41;
			remoteInfo = AddMultiples;
		};
		D312AB211D5690C000963B41 /* PBXContainerItemProxy */ = {
			isa = PBXContainerItemProxy;
			containerPortal = D312AAF91D5690BF00963B41 /* Project object */;
			proxyType = 1;
			remoteGlobalIDString = D312AB001D5690BF00963B41;
			remoteInfo = AddMultiples;
		};
/* End PBXContainerItemProxy section */

/* Begin PBXFileReference section */
		D312AB011D5690BF00963B41 /* AddMultiples.app */ = {isa = PBXFileReference; explicitFileType = wrapper.application; includeInIndex = 0; path = AddMultiples.app; sourceTree = BUILT_PRODUCTS_DIR; };
		D312AB041D5690BF00963B41 /* AppDelegate.swift */ = {isa = PBXFileReference; lastKnownFileType = sourcecode.swift; path = AppDelegate.swift; sourceTree = "<group>"; };
		D312AB061D5690BF00963B41 /* ViewController.swift */ = {isa = PBXFileReference; lastKnownFileType = sourcecode.swift; path = ViewController.swift; sourceTree = "<group>"; };
		D312AB091D5690BF00963B41 /* Base */ = {isa = PBXFileReference; lastKnownFileType = file.storyboard; name = Base; path = Base.lproj/Main.storyboard; sourceTree = "<group>"; };
		D312AB0B1D5690C000963B41 /* Assets.xcassets */ = {isa = PBXFileReference; lastKnownFileType = folder.assetcatalog; path = Assets.xcassets; sourceTree = "<group>"; };
		D312AB0E1D5690C000963B41 /* Base */ = {isa = PBXFileReference; lastKnownFileType = file.storyboard; name = Base; path = Base.lproj/LaunchScreen.storyboard; sourceTree = "<group>"; };
		D312AB101D5690C000963B41 /* Info.plist */ = {isa = PBXFileReference; lastKnownFileType = text.plist.xml; path = Info.plist; sourceTree = "<group>"; };
		D312AB151D5690C000963B41 /* AddMultiplesTests.xctest */ = {isa = PBXFileReference; explicitFileType = wrapper.cfbundle; includeInIndex = 0; path = AddMultiplesTests.xctest; sourceTree = BUILT_PRODUCTS_DIR; };
		D312AB191D5690C000963B41 /* AddMultiplesTests.swift */ = {isa = PBXFileReference; lastKnownFileType = sourcecode.swift; path = AddMultiplesTests.swift; sourceTree = "<group>"; };
		D312AB1B1D5690C000963B41 /* Info.plist */ = {isa = PBXFileReference; lastKnownFileType = text.plist.xml; path = Info.plist; sourceTree = "<group>"; };
		D312AB201D5690C000963B41 /* AddMultiplesUITests.xctest */ = {isa = PBXFileReference; explicitFileType = wrapper.cfbundle; includeInIndex = 0; path = AddMultiplesUITests.xctest; sourceTree = BUILT_PRODUCTS_DIR; };
		D312AB241D5690C000963B41 /* AddMultiplesUITests.swift */ = {isa = PBXFileReference; lastKnownFileType = sourcecode.swift; path = AddMultiplesUITests.swift; sourceTree = "<group>"; };
		D312AB261D5690C000963B41 /* Info.plist */ = {isa = PBXFileReference; lastKnownFileType = text.plist.xml; path = Info.plist; sourceTree = "<group>"; };
/* End PBXFileReference section */

/* Begin PBXFrameworksBuildPhase section */
		D312AAFE1D5690BF00963B41 /* Frameworks */ = {
			isa = PBXFrameworksBuildPhase;
			buildActionMask = 2147483647;
			files = (
			);
			runOnlyForDeploymentPostprocessing = 0;
		};
		D312AB121D5690C000963B41 /* Frameworks */ = {
			isa = PBXFrameworksBuildPhase;
			buildActionMask = 2147483647;
			files = (
			);
			runOnlyForDeploymentPostprocessing = 0;
		};
		D312AB1D1D5690C000963B41 /* Frameworks */ = {
			isa = PBXFrameworksBuildPhase;
			buildActionMask = 2147483647;
			files = (
			);
			runOnlyForDeploymentPostprocessing = 0;
		};
/* End PBXFrameworksBuildPhase section */

/* Begin PBXGroup section */
		D312AAF81D5690BF00963B41 = {
			isa = PBXGroup;
			children = (
				D312AB031D5690BF00963B41 /* AddMultiples */,
				D312AB181D5690C000963B41 /* AddMultiplesTests */,
				D312AB231D5690C000963B41 /* AddMultiplesUITests */,
				D312AB021D5690BF00963B41 /* Products */,
			);
			sourceTree = "<group>";
		};
		D312AB021D5690BF00963B41 /* Products */ = {
			isa = PBXGroup;
			children = (
				D312AB011D5690BF00963B41 /* AddMultiples.app */,
				D312AB151D5690C000963B41 /* AddMultiplesTests.xctest */,
				D312AB201D5690C000963B41 /* AddMultiplesUITests.xctest */,
			);
			name = Products;
			sourceTree = "<group>";
		};
		D312AB031D5690BF00963B41 /* AddMultiples */ = {
			isa = PBXGroup;
			children = (
				D312AB041D5690BF00963B41 /* AppDelegate.swift */,
				D312AB061D5690BF00963B41 /* ViewController.swift */,
				D312AB081D5690BF00963B41 /* Main.storyboard */,
				D312AB0B1D5690C000963B41 /* Assets.xcassets */,
				D312AB0D1D5690C000963B41 /* LaunchScreen.storyboard */,
				D312AB101D5690C000963B41 /* Info.plist */,
			);
			path = AddMultiples;
			sourceTree = "<group>";
		};
		D312AB181D5690C000963B41 /* AddMultiplesTests */ = {
			isa = PBXGroup;
			children = (
				D312AB191D5690C000963B41 /* AddMultiplesTests.swift */,
				D312AB1B1D5690C000963B41 /* Info.plist */,
			);
			path = AddMultiplesTests;
			sourceTree = "<group>";
		};
		D312AB231D5690C000963B41 /* AddMultiplesUITests */ = {
			isa = PBXGroup;
			children = (
				D312AB241D5690C000963B41 /* AddMultiplesUITests.swift */,
				D312AB261D5690C000963B41 /* Info.plist */,
			);
			path = AddMultiplesUITests;
			sourceTree = "<group>";
		};
/* End PBXGroup section */

/* Begin PBXNativeTarget section */
		D312AB001D5690BF00963B41 /* AddMultiples */ = {
			isa = PBXNativeTarget;
			buildConfigurationList = D312AB291D5690C000963B41 /* Build configuration list for PBXNativeTarget "AddMultiples" */;
			buildPhases = (
				D312AAFD1D5690BF00963B41 /* Sources */,
				D312AAFE1D5690BF00963B41 /* Frameworks */,
				D312AAFF1D5690BF00963B41 /* Resources */,
			);
			buildRules = (
			);
			dependencies = (
			);
			name = AddMultiples;
			productName = AddMultiples;
			productReference = D312AB011D5690BF00963B41 /* AddMultiples.app */;
			productType = "com.apple.product-type.application";
		};
		D312AB141D5690C000963B41 /* AddMultiplesTests */ = {
			isa = PBXNativeTarget;
			buildConfigurationList = D312AB2C1D5690C000963B41 /* Build configuration list for PBXNativeTarget "AddMultiplesTests" */;
			buildPhases = (
				D312AB111D5690C000963B41 /* Sources */,
				D312AB121D5690C000963B41 /* Frameworks */,
				D312AB131D5690C000963B41 /* Resources */,
			);
			buildRules = (
			);
			dependencies = (
				D312AB171D5690C000963B41 /* PBXTargetDependency */,
			);
			name = AddMultiplesTests;
			productName = AddMultiplesTests;
			productReference = D312AB151D5690C000963B41 /* AddMultiplesTests.xctest */;
			productType = "com.apple.product-type.bundle.unit-test";
		};
		D312AB1F1D5690C000963B41 /* AddMultiplesUITests */ = {
			isa = PBXNativeTarget;
			buildConfigurationList = D312AB2F1D5690C000963B41 /* Build configuration list for PBXNativeTarget "AddMultiplesUITests" */;
			buildPhases = (
				D312AB1C1D5690C000963B41 /* Sources */,
				D312AB1D1D5690C000963B41 /* Frameworks */,
				D312AB1E1D5690C000963B41 /* Resources */,
			);
			buildRules = (
			);
			dependencies = (
				D312AB221D5690C000963B41 /* PBXTargetDependency */,
			);
			name = AddMultiplesUITests;
			productName = AddMultiplesUITests;
			productReference = D312AB201D5690C000963B41 /* AddMultiplesUITests.xctest */;
			productType = "com.apple.product-type.bundle.ui-testing";
		};
/* End PBXNativeTarget section */

/* Begin PBXProject section */
		D312AAF91D5690BF00963B41 /* Project object */ = {
			isa = PBXProject;
			attributes = {
				LastSwiftUpdateCheck = 0730;
				LastUpgradeCheck = 0730;
				ORGANIZATIONNAME = "Brian Cueto";
				TargetAttributes = {
					D312AB001D5690BF00963B41 = {
						CreatedOnToolsVersion = 7.3.1;
					};
					D312AB141D5690C000963B41 = {
						CreatedOnToolsVersion = 7.3.1;
						TestTargetID = D312AB001D5690BF00963B41;
					};
					D312AB1F1D5690C000963B41 = {
						CreatedOnToolsVersion = 7.3.1;
						TestTargetID = D312AB001D5690BF00963B41;
					};
				};
			};
			buildConfigurationList = D312AAFC1D5690BF00963B41 /* Build configuration list for PBXProject "AddMultiples" */;
			compatibilityVersion = "Xcode 3.2";
			developmentRegion = English;
			hasScannedForEncodings = 0;
			knownRegions = (
				en,
				Base,
			);
			mainGroup = D312AAF81D5690BF00963B41;
			productRefGroup = D312AB021D5690BF00963B41 /* Products */;
			projectDirPath = "";
			projectRoot = "";
			targets = (
				D312AB001D5690BF00963B41 /* AddMultiples */,
				D312AB141D5690C000963B41 /* AddMultiplesTests */,
				D312AB1F1D5690C000963B41 /* AddMultiplesUITests */,
			);
		};
/* End PBXProject section */

/* Begin PBXResourcesBuildPhase section */
		D312AAFF1D5690BF00963B41 /* Resources */ = {
			isa = PBXResourcesBuildPhase;
			buildActionMask = 2147483647;
			files = (
				D312AB0F1D5690C000963B41 /* LaunchScreen.storyboard in Resources */,
				D312AB0C1D5690C000963B41 /* Assets.xcassets in Resources */,
				D312AB0A1D5690BF00963B41 /* Main.storyboard in Resources */,
			);
			runOnlyForDeploymentPostprocessing = 0;
		};
		D312AB131D5690C000963B41 /* Resources */ = {
			isa = PBXResourcesBuildPhase;
			buildActionMask = 2147483647;
			files = (
			);
			runOnlyForDeploymentPostprocessing = 0;
		};
		D312AB1E1D5690C000963B41 /* Resources */ = {
			isa = PBXResourcesBuildPhase;
			buildActionMask = 2147483647;
			files = (
			);
			runOnlyForDeploymentPostprocessing = 0;
		};
/* End PBXResourcesBuildPhase section */

/* Begin PBXSourcesBuildPhase section */
		D312AAFD1D5690BF00963B41 /* Sources */ = {
			isa = PBXSourcesBuildPhase;
			buildActionMask = 2147483647;
			files = (
				D312AB071D5690BF00963B41 /* ViewController.swift in Sources */,
				D312AB051D5690BF00963B41 /* AppDelegate.swift in Sources */,
			);
			runOnlyForDeploymentPostprocessing = 0;
		};
		D312AB111D5690C000963B41 /* Sources */ = {
			isa = PBXSourcesBuildPhase;
			buildActionMask = 2147483647;
			files = (
				D312AB1A1D5690C000963B41 /* AddMultiplesTests.swift in Sources */,
			);
			runOnlyForDeploymentPostprocessing = 0;
		};
		D312AB1C1D5690C000963B41 /* Sources */ = {
			isa = PBXSourcesBuildPhase;
			buildActionMask = 2147483647;
			files = (
				D312AB251D5690C000963B41 /* AddMultiplesUITests.swift in Sources */,
			);
			runOnlyForDeploymentPostprocessing = 0;
		};
/* End PBXSourcesBuildPhase section */

/* Begin PBXTargetDependency section */
		D312AB171D5690C000963B41 /* PBXTargetDependency */ = {
			isa = PBXTargetDependency;
			target = D312AB001D5690BF00963B41 /* AddMultiples */;
			targetProxy = D312AB161D5690C000963B41 /* PBXContainerItemProxy */;
		};
		D312AB221D5690C000963B41 /* PBXTargetDependency */ = {
			isa = PBXTargetDependency;
			target = D312AB001D5690BF00963B41 /* AddMultiples */;
			targetProxy = D312AB211D5690C000963B41 /* PBXContainerItemProxy */;
		};
/* End PBXTargetDependency section */

/* Begin PBXVariantGroup section */
		D312AB081D5690BF00963B41 /* Main.storyboard */ = {
			isa = PBXVariantGroup;
			children = (
				D312AB091D5690BF00963B41 /* Base */,
			);
			name = Main.storyboard;
			sourceTree = "<group>";
		};
		D312AB0D1D5690C000963B41 /* LaunchScreen.storyboard */ = {
			isa = PBXVariantGroup;
			children = (
				D312AB0E1D5690C000963B41 /* Base */,
			);
			name = LaunchScreen.storyboard;
			sourceTree = "<group>";
		};
/* End PBXVariantGroup section */

/* Begin XCBuildConfiguration section */
		D312AB271D5690C000963B41 /* Debug */ = {
			isa = XCBuildConfiguration;
			buildSettings = {
				ALWAYS_SEARCH_USER_PATHS = NO;
				CLANG_ANALYZER_NONNULL = YES;
				CLANG_CXX_LANGUAGE_STANDARD = "gnu++0x";
				CLANG_CXX_LIBRARY = "libc++";
				CLANG_ENABLE_MODULES = YES;
				CLANG_ENABLE_OBJC_ARC = YES;
				CLANG_WARN_BOOL_CONVERSION = YES;
				CLANG_WARN_CONSTANT_CONVERSION = YES;
				CLANG_WARN_DIRECT_OBJC_ISA_USAGE = YES_ERROR;
				CLANG_WARN_EMPTY_BODY = YES;
				CLANG_WARN_ENUM_CONVERSION = YES;
				CLANG_WARN_INT_CONVERSION = YES;
				CLANG_WARN_OBJC_ROOT_CLASS = YES_ERROR;
				CLANG_WARN_UNREACHABLE_CODE = YES;
				CLANG_WARN__DUPLICATE_METHOD_MATCH = YES;
				"CODE_SIGN_IDENTITY[sdk=iphoneos*]" = "iPhone Developer";
				COPY_PHASE_STRIP = NO;
				DEBUG_INFORMATION_FORMAT = dwarf;
				ENABLE_STRICT_OBJC_MSGSEND = YES;
				ENABLE_TESTABILITY = YES;
				GCC_C_LANGUAGE_STANDARD = gnu99;
				GCC_DYNAMIC_NO_PIC = NO;
				GCC_NO_COMMON_BLOCKS = YES;
				GCC_OPTIMIZATION_LEVEL = 0;
				GCC_PREPROCESSOR_DEFINITIONS = (
					"DEBUG=1",
					"$(inherited)",
				);
				GCC_WARN_64_TO_32_BIT_CONVERSION = YES;
				GCC_WARN_ABOUT_RETURN_TYPE = YES_ERROR;
				GCC_WARN_UNDECLARED_SELECTOR = YES;
				GCC_WARN_UNINITIALIZED_AUTOS = YES_AGGRESSIVE;
				GCC_WARN_UNUSED_FUNCTION = YES;
				GCC_WARN_UNUSED_VARIABLE = YES;
				IPHONEOS_DEPLOYMENT_TARGET = 9.3;
				MTL_ENABLE_DEBUG_INFO = YES;
				ONLY_ACTIVE_ARCH = YES;
				SDKROOT = iphoneos;
				SWIFT_OPTIMIZATION_LEVEL = "-Onone";
			};
			name = Debug;
		};
		D312AB281D5690C000963B41 /* Release */ = {
			isa = XCBuildConfiguration;
			buildSettings = {
				ALWAYS_SEARCH_USER_PATHS = NO;
				CLANG_ANALYZER_NONNULL = YES;
				CLANG_CXX_LANGUAGE_STANDARD = "gnu++0x";
				CLANG_CXX_LIBRARY = "libc++";
				CLANG_ENABLE_MODULES = YES;
				CLANG_ENABLE_OBJC_ARC = YES;
				CLANG_WARN_BOOL_CONVERSION = YES;
				CLANG_WARN_CONSTANT_CONVERSION = YES;
				CLANG_WARN_DIRECT_OBJC_ISA_USAGE = YES_ERROR;
				CLANG_WARN_EMPTY_BODY = YES;
				CLANG_WARN_ENUM_CONVERSION = YES;
				CLANG_WARN_INT_CONVERSION = YES;
				CLANG_WARN_OBJC_ROOT_CLASS = YES_ERROR;
				CLANG_WARN_UNREACHABLE_CODE = YES;
				CLANG_WARN__DUPLICATE_METHOD_MATCH = YES;
				"CODE_SIGN_IDENTITY[sdk=iphoneos*]" = "iPhone Developer";
				COPY_PHASE_STRIP = NO;
				DEBUG_INFORMATION_FORMAT = "dwarf-with-dsym";
				ENABLE_NS_ASSERTIONS = NO;
				ENABLE_STRICT_OBJC_MSGSEND = YES;
				GCC_C_LANGUAGE_STANDARD = gnu99;
				GCC_NO_COMMON_BLOCKS = YES;
				GCC_WARN_64_TO_32_BIT_CONVERSION = YES;
				GCC_WARN_ABOUT_RETURN_TYPE = YES_ERROR;
				GCC_WARN_UNDECLARED_SELECTOR = YES;
				GCC_WARN_UNINITIALIZED_AUTOS = YES_AGGRESSIVE;
				GCC_WARN_UNUSED_FUNCTION = YES;
				GCC_WARN_UNUSED_VARIABLE = YES;
				IPHONEOS_DEPLOYMENT_TARGET = 9.3;
				MTL_ENABLE_DEBUG_INFO = NO;
				SDKROOT = iphoneos;
				VALIDATE_PRODUCT = YES;
			};
			name = Release;
		};
		D312AB2A1D5690C000963B41 /* Debug */ = {
			isa = XCBuildConfiguration;
			buildSettings = {
				ASSETCATALOG_COMPILER_APPICON_NAME = AppIcon;
				INFOPLIST_FILE = AddMultiples/Info.plist;
				LD_RUNPATH_SEARCH_PATHS = "$(inherited) @executable_path/Frameworks";
				PRODUCT_BUNDLE_IDENTIFIER = com.Practice.AddMultiples;
				PRODUCT_NAME = "$(TARGET_NAME)";
			};
			name = Debug;
		};
		D312AB2B1D5690C000963B41 /* Release */ = {
			isa = XCBuildConfiguration;
			buildSettings = {
				ASSETCATALOG_COMPILER_APPICON_NAME = AppIcon;
				INFOPLIST_FILE = AddMultiples/Info.plist;
				LD_RUNPATH_SEARCH_PATHS = "$(inherited) @executable_path/Frameworks";
				PRODUCT_BUNDLE_IDENTIFIER = com.Practice.AddMultiples;
				PRODUCT_NAME = "$(TARGET_NAME)";
			};
			name = Release;
		};
		D312AB2D1D5690C000963B41 /* Debug */ = {
			isa = XCBuildConfiguration;
			buildSettings = {
				BUNDLE_LOADER = "$(TEST_HOST)";
				INFOPLIST_FILE = AddMultiplesTests/Info.plist;
				LD_RUNPATH_SEARCH_PATHS = "$(inherited) @executable_path/Frameworks @loader_path/Frameworks";
				PRODUCT_BUNDLE_IDENTIFIER = com.Practice.AddMultiplesTests;
				PRODUCT_NAME = "$(TARGET_NAME)";
				TEST_HOST = "$(BUILT_PRODUCTS_DIR)/AddMultiples.app/AddMultiples";
			};
			name = Debug;
		};
		D312AB2E1D5690C000963B41 /* Release */ = {
			isa = XCBuildConfiguration;
			buildSettings = {
				BUNDLE_LOADER = "$(TEST_HOST)";
				INFOPLIST_FILE = AddMultiplesTests/Info.plist;
				LD_RUNPATH_SEARCH_PATHS = "$(inherited) @executable_path/Frameworks @loader_path/Frameworks";
				PRODUCT_BUNDLE_IDENTIFIER = com.Practice.AddMultiplesTests;
				PRODUCT_NAME = "$(TARGET_NAME)";
				TEST_HOST = "$(BUILT_PRODUCTS_DIR)/AddMultiples.app/AddMultiples";
			};
			name = Release;
		};
		D312AB301D5690C000963B41 /* Debug */ = {
			isa = XCBuildConfiguration;
			buildSettings = {
				INFOPLIST_FILE = AddMultiplesUITests/Info.plist;
				LD_RUNPATH_SEARCH_PATHS = "$(inherited) @executable_path/Frameworks @loader_path/Frameworks";
				PRODUCT_BUNDLE_IDENTIFIER = com.Practice.AddMultiplesUITests;
				PRODUCT_NAME = "$(TARGET_NAME)";
				TEST_TARGET_NAME = AddMultiples;
			};
			name = Debug;
		};
		D312AB311D5690C000963B41 /* Release */ = {
			isa = XCBuildConfiguration;
			buildSettings = {
				INFOPLIST_FILE = AddMultiplesUITests/Info.plist;
				LD_RUNPATH_SEARCH_PATHS = "$(inherited) @executable_path/Frameworks @loader_path/Frameworks";
				PRODUCT_BUNDLE_IDENTIFIER = com.Practice.AddMultiplesUITests;
				PRODUCT_NAME = "$(TARGET_NAME)";
				TEST_TARGET_NAME = AddMultiples;
			};
			name = Release;
		};
/* End XCBuildConfiguration section */

/* Begin XCConfigurationList section */
		D312AAFC1D5690BF00963B41 /* Build configuration list for PBXProject "AddMultiples" */ = {
			isa = XCConfigurationList;
			buildConfigurations = (
				D312AB271D5690C000963B41 /* Debug */,
				D312AB281D5690C000963B41 /* Release */,
			);
			defaultConfigurationIsVisible = 0;
			defaultConfigurationName = Release;
		};
		D312AB291D5690C000963B41 /* Build configuration list for PBXNativeTarget "AddMultiples" */ = {
			isa = XCConfigurationList;
			buildConfigurations = (
				D312AB2A1D5690C000963B41 /* Debug */,
				D312AB2B1D5690C000963B41 /* Release */,
			);
			defaultConfigurationIsVisible = 0;
		};
		D312AB2C1D5690C000963B41 /* Build configuration list for PBXNativeTarget "AddMultiplesTests" */ = {
			isa = XCConfigurationList;
			buildConfigurations = (
				D312AB2D1D5690C000963B41 /* Debug */,
				D312AB2E1D5690C000963B41 /* Release */,
			);
			defaultConfigurationIsVisible = 0;
		};
		D312AB2F1D5690C000963B41 /* Build configuration list for PBXNativeTarget "AddMultiplesUITests" */ = {
			isa = XCConfigurationList;
			buildConfigurations = (
				D312AB301D5690C000963B41 /* Debug */,
				D312AB311D5690C000963B41 /* Release */,
			);
			defaultConfigurationIsVisible = 0;
		};
/* End XCConfigurationList section */
	};
	rootObject = D312AAF91D5690BF00963B41 /* Project object */;
}
